// !$*UTF8*$!
{
	archiveVersion = 1;
	classes = {
	};
	objectVersion = 46;
	objects = {

/* Begin PBXBuildFile section */
		D033B9261C35F19D00A21C1F /* SettingsViewController.swift in Sources */ = {isa = PBXBuildFile; fileRef = D033B9251C35F19D00A21C1F /* SettingsViewController.swift */; };
		D033B9281C35FCE500A21C1F /* README.txt in Resources */ = {isa = PBXBuildFile; fileRef = D033B9271C35FCE500A21C1F /* README.txt */; };
		D0E9CEAC1C2338B4000EC6D9 /* AppDelegate.swift in Sources */ = {isa = PBXBuildFile; fileRef = D0E9CEAB1C2338B4000EC6D9 /* AppDelegate.swift */; };
		D0E9CEAE1C2338B4000EC6D9 /* ViewController.swift in Sources */ = {isa = PBXBuildFile; fileRef = D0E9CEAD1C2338B4000EC6D9 /* ViewController.swift */; };
		D0E9CEB11C2338B4000EC6D9 /* Main.storyboard in Resources */ = {isa = PBXBuildFile; fileRef = D0E9CEAF1C2338B4000EC6D9 /* Main.storyboard */; };
		D0E9CEB31C2338B4000EC6D9 /* Assets.xcassets in Resources */ = {isa = PBXBuildFile; fileRef = D0E9CEB21C2338B4000EC6D9 /* Assets.xcassets */; };
		D0E9CEB61C2338B4000EC6D9 /* LaunchScreen.storyboard in Resources */ = {isa = PBXBuildFile; fileRef = D0E9CEB41C2338B4000EC6D9 /* LaunchScreen.storyboard */; };
		D0E9CEC11C2338B4000EC6D9 /* tipsTests.swift in Sources */ = {isa = PBXBuildFile; fileRef = D0E9CEC01C2338B4000EC6D9 /* tipsTests.swift */; };
		D0E9CECC1C2338B4000EC6D9 /* tipsUITests.swift in Sources */ = {isa = PBXBuildFile; fileRef = D0E9CECB1C2338B4000EC6D9 /* tipsUITests.swift */; };
/* End PBXBuildFile section */

/* Begin PBXContainerItemProxy section */
		D0E9CEBD1C2338B4000EC6D9 /* PBXContainerItemProxy */ = {
			isa = PBXContainerItemProxy;
			containerPortal = D0E9CEA01C2338B4000EC6D9 /* Project object */;
			proxyType = 1;
			remoteGlobalIDString = D0E9CEA71C2338B4000EC6D9;
			remoteInfo = tips;
		};
		D0E9CEC81C2338B4000EC6D9 /* PBXContainerItemProxy */ = {
			isa = PBXContainerItemProxy;
			containerPortal = D0E9CEA01C2338B4000EC6D9 /* Project object */;
			proxyType = 1;
			remoteGlobalIDString = D0E9CEA71C2338B4000EC6D9;
			remoteInfo = tips;
		};
/* End PBXContainerItemProxy section */

/* Begin PBXFileReference section */
		D033B9251C35F19D00A21C1F /* SettingsViewController.swift */ = {isa = PBXFileReference; fileEncoding = 4; lastKnownFileType = sourcecode.swift; name = SettingsViewController.swift; path = ../SettingsViewController.swift; sourceTree = "<group>"; };
		D033B9271C35FCE500A21C1F /* README.txt */ = {isa = PBXFileReference; fileEncoding = 4; lastKnownFileType = text; path = README.txt; sourceTree = "<group>"; };
		D0E9CEA81C2338B4000EC6D9 /* tips.app */ = {isa = PBXFileReference; explicitFileType = wrapper.application; includeInIndex = 0; path = tips.app; sourceTree = BUILT_PRODUCTS_DIR; };
		D0E9CEAB1C2338B4000EC6D9 /* AppDelegate.swift */ = {isa = PBXFileReference; lastKnownFileType = sourcecode.swift; path = AppDelegate.swift; sourceTree = "<group>"; };
		D0E9CEAD1C2338B4000EC6D9 /* ViewController.swift */ = {isa = PBXFileReference; lastKnownFileType = sourcecode.swift; path = ViewController.swift; sourceTree = "<group>"; };
		D0E9CEB01C2338B4000EC6D9 /* Base */ = {isa = PBXFileReference; lastKnownFileType = file.storyboard; name = Base; path = Base.lproj/Main.storyboard; sourceTree = "<group>"; };
		D0E9CEB21C2338B4000EC6D9 /* Assets.xcassets */ = {isa = PBXFileReference; lastKnownFileType = folder.assetcatalog; path = Assets.xcassets; sourceTree = "<group>"; };
		D0E9CEB51C2338B4000EC6D9 /* Base */ = {isa = PBXFileReference; lastKnownFileType = file.storyboard; name = Base; path = Base.lproj/LaunchScreen.storyboard; sourceTree = "<group>"; };
		D0E9CEB71C2338B4000EC6D9 /* Info.plist */ = {isa = PBXFileReference; lastKnownFileType = text.plist.xml; path = Info.plist; sourceTree = "<group>"; };
		D0E9CEBC1C2338B4000EC6D9 /* tipsTests.xctest */ = {isa = PBXFileReference; explicitFileType = wrapper.cfbundle; includeInIndex = 0; path = tipsTests.xctest; sourceTree = BUILT_PRODUCTS_DIR; };
		D0E9CEC01C2338B4000EC6D9 /* tipsTests.swift */ = {isa = PBXFileReference; lastKnownFileType = sourcecode.swift; path = tipsTests.swift; sourceTree = "<group>"; };
		D0E9CEC21C2338B4000EC6D9 /* Info.plist */ = {isa = PBXFileReference; lastKnownFileType = text.plist.xml; path = Info.plist; sourceTree = "<group>"; };
		D0E9CEC71C2338B4000EC6D9 /* tipsUITests.xctest */ = {isa = PBXFileReference; explicitFileType = wrapper.cfbundle; includeInIndex = 0; path = tipsUITests.xctest; sourceTree = BUILT_PRODUCTS_DIR; };
		D0E9CECB1C2338B4000EC6D9 /* tipsUITests.swift */ = {isa = PBXFileReference; lastKnownFileType = sourcecode.swift; path = tipsUITests.swift; sourceTree = "<group>"; };
		D0E9CECD1C2338B4000EC6D9 /* Info.plist */ = {isa = PBXFileReference; lastKnownFileType = text.plist.xml; path = Info.plist; sourceTree = "<group>"; };
/* End PBXFileReference section */

/* Begin PBXFrameworksBuildPhase section */
		D0E9CEA51C2338B4000EC6D9 /* Frameworks */ = {
			isa = PBXFrameworksBuildPhase;
			buildActionMask = 2147483647;
			files = (
			);
			runOnlyForDeploymentPostprocessing = 0;
		};
		D0E9CEB91C2338B4000EC6D9 /* Frameworks */ = {
			isa = PBXFrameworksBuildPhase;
			buildActionMask = 2147483647;
			files = (
			);
			runOnlyForDeploymentPostprocessing = 0;
		};
		D0E9CEC41C2338B4000EC6D9 /* Frameworks */ = {
			isa = PBXFrameworksBuildPhase;
			buildActionMask = 2147483647;
			files = (
			);
			runOnlyForDeploymentPostprocessing = 0;
		};
/* End PBXFrameworksBuildPhase section */

/* Begin PBXGroup section */
		D0E9CE9F1C2338B4000EC6D9 = {
			isa = PBXGroup;
			children = (
				D033B9271C35FCE500A21C1F /* README.txt */,
				D0E9CEAA1C2338B4000EC6D9 /* tips */,
				D0E9CEBF1C2338B4000EC6D9 /* tipsTests */,
				D0E9CECA1C2338B4000EC6D9 /* tipsUITests */,
				D0E9CEA91C2338B4000EC6D9 /* Products */,
			);
			sourceTree = "<group>";
		};
		D0E9CEA91C2338B4000EC6D9 /* Products */ = {
			isa = PBXGroup;
			children = (
				D0E9CEA81C2338B4000EC6D9 /* tips.app */,
				D0E9CEBC1C2338B4000EC6D9 /* tipsTests.xctest */,
				D0E9CEC71C2338B4000EC6D9 /* tipsUITests.xctest */,
			);
			name = Products;
			sourceTree = "<group>";
		};
		D0E9CEAA1C2338B4000EC6D9 /* tips */ = {
			isa = PBXGroup;
			children = (
				D033B9251C35F19D00A21C1F /* SettingsViewController.swift */,
				D0E9CEAB1C2338B4000EC6D9 /* AppDelegate.swift */,
				D0E9CEAD1C2338B4000EC6D9 /* ViewController.swift */,
				D0E9CEAF1C2338B4000EC6D9 /* Main.storyboard */,
				D0E9CEB21C2338B4000EC6D9 /* Assets.xcassets */,
				D0E9CEB41C2338B4000EC6D9 /* LaunchScreen.storyboard */,
				D0E9CEB71C2338B4000EC6D9 /* Info.plist */,
			);
			path = tips;
			sourceTree = "<group>";
		};
		D0E9CEBF1C2338B4000EC6D9 /* tipsTests */ = {
			isa = PBXGroup;
			children = (
				D0E9CEC01C2338B4000EC6D9 /* tipsTests.swift */,
				D0E9CEC21C2338B4000EC6D9 /* Info.plist */,
			);
			path = tipsTests;
			sourceTree = "<group>";
		};
		D0E9CECA1C2338B4000EC6D9 /* tipsUITests */ = {
			isa = PBXGroup;
			children = (
				D0E9CECB1C2338B4000EC6D9 /* tipsUITests.swift */,
				D0E9CECD1C2338B4000EC6D9 /* Info.plist */,
			);
			path = tipsUITests;
			sourceTree = "<group>";
		};
/* End PBXGroup section */

/* Begin PBXNativeTarget section */
		D0E9CEA71C2338B4000EC6D9 /* tips */ = {
			isa = PBXNativeTarget;
			buildConfigurationList = D0E9CED01C2338B5000EC6D9 /* Build configuration list for PBXNativeTarget "tips" */;
			buildPhases = (
				D0E9CEA41C2338B4000EC6D9 /* Sources */,
				D0E9CEA51C2338B4000EC6D9 /* Frameworks */,
				D0E9CEA61C2338B4000EC6D9 /* Resources */,
			);
			buildRules = (
			);
			dependencies = (
			);
			name = tips;
			productName = tips;
			productReference = D0E9CEA81C2338B4000EC6D9 /* tips.app */;
			productType = "com.apple.product-type.application";
		};
		D0E9CEBB1C2338B4000EC6D9 /* tipsTests */ = {
			isa = PBXNativeTarget;
			buildConfigurationList = D0E9CED31C2338B5000EC6D9 /* Build configuration list for PBXNativeTarget "tipsTests" */;
			buildPhases = (
				D0E9CEB81C2338B4000EC6D9 /* Sources */,
				D0E9CEB91C2338B4000EC6D9 /* Frameworks */,
				D0E9CEBA1C2338B4000EC6D9 /* Resources */,
			);
			buildRules = (
			);
			dependencies = (
				D0E9CEBE1C2338B4000EC6D9 /* PBXTargetDependency */,
			);
			name = tipsTests;
			productName = tipsTests;
			productReference = D0E9CEBC1C2338B4000EC6D9 /* tipsTests.xctest */;
			productType = "com.apple.product-type.bundle.unit-test";
		};
		D0E9CEC61C2338B4000EC6D9 /* tipsUITests */ = {
			isa = PBXNativeTarget;
			buildConfigurationList = D0E9CED61C2338B5000EC6D9 /* Build configuration list for PBXNativeTarget "tipsUITests" */;
			buildPhases = (
				D0E9CEC31C2338B4000EC6D9 /* Sources */,
				D0E9CEC41C2338B4000EC6D9 /* Frameworks */,
				D0E9CEC51C2338B4000EC6D9 /* Resources */,
			);
			buildRules = (
			);
			dependencies = (
				D0E9CEC91C2338B4000EC6D9 /* PBXTargetDependency */,
			);
			name = tipsUITests;
			productName = tipsUITests;
			productReference = D0E9CEC71C2338B4000EC6D9 /* tipsUITests.xctest */;
			productType = "com.apple.product-type.bundle.ui-testing";
		};
/* End PBXNativeTarget section */

/* Begin PBXProject section */
		D0E9CEA01C2338B4000EC6D9 /* Project object */ = {
			isa = PBXProject;
			attributes = {
				LastSwiftUpdateCheck = 0720;
				LastUpgradeCheck = 0720;
				ORGANIZATIONNAME = codepath;
				TargetAttributes = {
					D0E9CEA71C2338B4000EC6D9 = {
						CreatedOnToolsVersion = 7.2;
						DevelopmentTeam = QG865YUFVZ;
					};
					D0E9CEBB1C2338B4000EC6D9 = {
						CreatedOnToolsVersion = 7.2;
						TestTargetID = D0E9CEA71C2338B4000EC6D9;
					};
					D0E9CEC61C2338B4000EC6D9 = {
						CreatedOnToolsVersion = 7.2;
						TestTargetID = D0E9CEA71C2338B4000EC6D9;
					};
				};
			};
			buildConfigurationList = D0E9CEA31C2338B4000EC6D9 /* Build configuration list for PBXProject "tips" */;
			compatibilityVersion = "Xcode 3.2";
			developmentRegion = English;
			hasScannedForEncodings = 0;
			knownRegions = (
				en,
				Base,
			);
			mainGroup = D0E9CE9F1C2338B4000EC6D9;
			productRefGroup = D0E9CEA91C2338B4000EC6D9 /* Products */;
			projectDirPath = "";
			projectRoot = "";
			targets = (
				D0E9CEA71C2338B4000EC6D9 /* tips */,
				D0E9CEBB1C2338B4000EC6D9 /* tipsTests */,
				D0E9CEC61C2338B4000EC6D9 /* tipsUITests */,
			);
		};
/* End PBXProject section */

/* Begin PBXResourcesBuildPhase section */
		D0E9CEA61C2338B4000EC6D9 /* Resources */ = {
			isa = PBXResourcesBuildPhase;
			buildActionMask = 2147483647;
			files = (
				D0E9CEB61C2338B4000EC6D9 /* LaunchScreen.storyboard in Resources */,
				D0E9CEB31C2338B4000EC6D9 /* Assets.xcassets in Resources */,
				D033B9281C35FCE500A21C1F /* README.txt in Resources */,
				D0E9CEB11C2338B4000EC6D9 /* Main.storyboard in Resources */,
			);
			runOnlyForDeploymentPostprocessing = 0;
		};
		D0E9CEBA1C2338B4000EC6D9 /* Resources */ = {
			isa = PBXResourcesBuildPhase;
			buildActionMask = 2147483647;
			files = (
			);
			runOnlyForDeploymentPostprocessing = 0;
		};
		D0E9CEC51C2338B4000EC6D9 /* Resources */ = {
			isa = PBXResourcesBuildPhase;
			buildActionMask = 2147483647;
			files = (
			);
			runOnlyForDeploymentPostprocessing = 0;
		};
/* End PBXResourcesBuildPhase section */

/* Begin PBXSourcesBuildPhase section */
		D0E9CEA41C2338B4000EC6D9 /* Sources */ = {
			isa = PBXSourcesBuildPhase;
			buildActionMask = 2147483647;
			files = (
				D0E9CEAE1C2338B4000EC6D9 /* ViewController.swift in Sources */,
				D0E9CEAC1C2338B4000EC6D9 /* AppDelegate.swift in Sources */,
				D033B9261C35F19D00A21C1F /* SettingsViewController.swift in Sources */,
			);
			runOnlyForDeploymentPostprocessing = 0;
		};
		D0E9CEB81C2338B4000EC6D9 /* Sources */ = {
			isa = PBXSourcesBuildPhase;
			buildActionMask = 2147483647;
			files = (
				D0E9CEC11C2338B4000EC6D9 /* tipsTests.swift in Sources */,
			);
			runOnlyForDeploymentPostprocessing = 0;
		};
		D0E9CEC31C2338B4000EC6D9 /* Sources */ = {
			isa = PBXSourcesBuildPhase;
			buildActionMask = 2147483647;
			files = (
				D0E9CECC1C2338B4000EC6D9 /* tipsUITests.swift in Sources */,
			);
			runOnlyForDeploymentPostprocessing = 0;
		};
/* End PBXSourcesBuildPhase section */

/* Begin PBXTargetDependency section */
		D0E9CEBE1C2338B4000EC6D9 /* PBXTargetDependency */ = {
			isa = PBXTargetDependency;
			target = D0E9CEA71C2338B4000EC6D9 /* tips */;
			targetProxy = D0E9CEBD1C2338B4000EC6D9 /* PBXContainerItemProxy */;
		};
		D0E9CEC91C2338B4000EC6D9 /* PBXTargetDependency */ = {
			isa = PBXTargetDependency;
			target = D0E9CEA71C2338B4000EC6D9 /* tips */;
			targetProxy = D0E9CEC81C2338B4000EC6D9 /* PBXContainerItemProxy */;
		};
/* End PBXTargetDependency section */

/* Begin PBXVariantGroup section */
		D0E9CEAF1C2338B4000EC6D9 /* Main.storyboard */ = {
			isa = PBXVariantGroup;
			children = (
				D0E9CEB01C2338B4000EC6D9 /* Base */,
			);
			name = Main.storyboard;
			sourceTree = "<group>";
		};
		D0E9CEB41C2338B4000EC6D9 /* LaunchScreen.storyboard */ = {
			isa = PBXVariantGroup;
			children = (
				D0E9CEB51C2338B4000EC6D9 /* Base */,
			);
			name = LaunchScreen.storyboard;
			sourceTree = "<group>";
		};
/* End PBXVariantGroup section */

/* Begin XCBuildConfiguration section */
		D0E9CECE1C2338B5000EC6D9 /* Debug */ = {
			isa = XCBuildConfiguration;
			buildSettings = {
				ALWAYS_SEARCH_USER_PATHS = NO;
				CLANG_CXX_LANGUAGE_STANDARD = "gnu++0x";
				CLANG_CXX_LIBRARY = "libc++";
				CLANG_ENABLE_MODULES = YES;
				CLANG_ENABLE_OBJC_ARC = YES;
				CLANG_WARN_BOOL_CONVERSION = YES;
				CLANG_WARN_CONSTANT_CONVERSION = YES;
				CLANG_WARN_DIRECT_OBJC_ISA_USAGE = YES_ERROR;
				CLANG_WARN_EMPTY_BODY = YES;
				CLANG_WARN_ENUM_CONVERSION = YES;
				CLANG_WARN_INT_CONVERSION = YES;
				CLANG_WARN_OBJC_ROOT_CLASS = YES_ERROR;
				CLANG_WARN_UNREACHABLE_CODE = YES;
				CLANG_WARN__DUPLICATE_METHOD_MATCH = YES;
				"CODE_SIGN_IDENTITY[sdk=iphoneos*]" = "iPhone Developer";
				COPY_PHASE_STRIP = NO;
				DEBUG_INFORMATION_FORMAT = dwarf;
				ENABLE_STRICT_OBJC_MSGSEND = YES;
				ENABLE_TESTABILITY = YES;
				GCC_C_LANGUAGE_STANDARD = gnu99;
				GCC_DYNAMIC_NO_PIC = NO;
				GCC_NO_COMMON_BLOCKS = YES;
				GCC_OPTIMIZATION_LEVEL = 0;
				GCC_PREPROCESSOR_DEFINITIONS = (
					"DEBUG=1",
					"$(inherited)",
				);
				GCC_WARN_64_TO_32_BIT_CONVERSION = YES;
				GCC_WARN_ABOUT_RETURN_TYPE = YES_ERROR;
				GCC_WARN_UNDECLARED_SELECTOR = YES;
				GCC_WARN_UNINITIALIZED_AUTOS = YES_AGGRESSIVE;
				GCC_WARN_UNUSED_FUNCTION = YES;
				GCC_WARN_UNUSED_VARIABLE = YES;
				IPHONEOS_DEPLOYMENT_TARGET = 9.2;
				MTL_ENABLE_DEBUG_INFO = YES;
				ONLY_ACTIVE_ARCH = YES;
				SDKROOT = iphoneos;
				SWIFT_OPTIMIZATION_LEVEL = "-Onone";
				TARGETED_DEVICE_FAMILY = "1,2";
			};
			name = Debug;
		};
		D0E9CECF1C2338B5000EC6D9 /* Release */ = {
			isa = XCBuildConfiguration;
			buildSettings = {
				ALWAYS_SEARCH_USER_PATHS = NO;
				CLANG_CXX_LANGUAGE_STANDARD = "gnu++0x";
				CLANG_CXX_LIBRARY = "libc++";
				CLANG_ENABLE_MODULES = YES;
				CLANG_ENABLE_OBJC_ARC = YES;
				CLANG_WARN_BOOL_CONVERSION = YES;
				CLANG_WARN_CONSTANT_CONVERSION = YES;
				CLANG_WARN_DIRECT_OBJC_ISA_USAGE = YES_ERROR;
				CLANG_WARN_EMPTY_BODY = YES;
				CLANG_WARN_ENUM_CONVERSION = YES;
				CLANG_WARN_INT_CONVERSION = YES;
				CLANG_WARN_OBJC_ROOT_CLASS = YES_ERROR;
				CLANG_WARN_UNREACHABLE_CODE = YES;
				CLANG_WARN__DUPLICATE_METHOD_MATCH = YES;
				"CODE_SIGN_IDENTITY[sdk=iphoneos*]" = "iPhone Developer";
				COPY_PHASE_STRIP = NO;
				DEBUG_INFORMATION_FORMAT = "dwarf-with-dsym";
				ENABLE_NS_ASSERTIONS = NO;
				ENABLE_STRICT_OBJC_MSGSEND = YES;
				GCC_C_LANGUAGE_STANDARD = gnu99;
				GCC_NO_COMMON_BLOCKS = YES;
				GCC_WARN_64_TO_32_BIT_CONVERSION = YES;
				GCC_WARN_ABOUT_RETURN_TYPE = YES_ERROR;
				GCC_WARN_UNDECLARED_SELECTOR = YES;
				GCC_WARN_UNINITIALIZED_AUTOS = YES_AGGRESSIVE;
				GCC_WARN_UNUSED_FUNCTION = YES;
				GCC_WARN_UNUSED_VARIABLE = YES;
				IPHONEOS_DEPLOYMENT_TARGET = 9.2;
				MTL_ENABLE_DEBUG_INFO = NO;
				SDKROOT = iphoneos;
				TARGETED_DEVICE_FAMILY = "1,2";
				VALIDATE_PRODUCT = YES;
			};
			name = Release;
		};
		D0E9CED11C2338B5000EC6D9 /* Debug */ = {
			isa = XCBuildConfiguration;
			buildSettings = {
				ASSETCATALOG_COMPILER_APPICON_NAME = AppIcon;
				CODE_SIGN_IDENTITY = "iPhone Developer";
				"CODE_SIGN_IDENTITY[sdk=iphoneos*]" = "iPhone Developer";
				INFOPLIST_FILE = tips/Info.plist;
				IPHONEOS_DEPLOYMENT_TARGET = 9.2;
				LD_RUNPATH_SEARCH_PATHS = "$(inherited) @executable_path/Frameworks";
				PRODUCT_BUNDLE_IDENTIFIER = com.codepath.tipsy234;
				PRODUCT_NAME = "$(TARGET_NAME)";
				PROVISIONING_PROFILE = "";
			};
			name = Debug;
		};
		D0E9CED21C2338B5000EC6D9 /* Release */ = {
			isa = XCBuildConfiguration;
			buildSettings = {
				ASSETCATALOG_COMPILER_APPICON_NAME = AppIcon;
				CODE_SIGN_IDENTITY = "iPhone Developer";
				"CODE_SIGN_IDENTITY[sdk=iphoneos*]" = "iPhone Developer";
				INFOPLIST_FILE = tips/Info.plist;
				IPHONEOS_DEPLOYMENT_TARGET = 9.2;
				LD_RUNPATH_SEARCH_PATHS = "$(inherited) @executable_path/Frameworks";
				PRODUCT_BUNDLE_IDENTIFIER = com.codepath.tipsy234;
				PRODUCT_NAME = "$(TARGET_NAME)";
				PROVISIONING_PROFILE = "";
			};
			name = Release;
		};
		D0E9CED41C2338B5000EC6D9 /* Debug */ = {
			isa = XCBuildConfiguration;
			buildSettings = {
				BUNDLE_LOADER = "$(TEST_HOST)";
				INFOPLIST_FILE = tipsTests/Info.plist;
				LD_RUNPATH_SEARCH_PATHS = "$(inherited) @executable_path/Frameworks @loader_path/Frameworks";
				PRODUCT_BUNDLE_IDENTIFIER = com.codepath.tipsTests;
				PRODUCT_NAME = "$(TARGET_NAME)";
				TEST_HOST = "$(BUILT_PRODUCTS_DIR)/tips.app/tips";
			};
			name = Debug;
		};
		D0E9CED51C2338B5000EC6D9 /* Release */ = {
			isa = XCBuildConfiguration;
			buildSettings = {
				BUNDLE_LOADER = "$(TEST_HOST)";
				INFOPLIST_FILE = tipsTests/Info.plist;
				LD_RUNPATH_SEARCH_PATHS = "$(inherited) @executable_path/Frameworks @loader_path/Frameworks";
				PRODUCT_BUNDLE_IDENTIFIER = com.codepath.tipsTests;
				PRODUCT_NAME = "$(TARGET_NAME)";
				TEST_HOST = "$(BUILT_PRODUCTS_DIR)/tips.app/tips";
			};
			name = Release;
		};
		D0E9CED71C2338B5000EC6D9 /* Debug */ = {
			isa = XCBuildConfiguration;
			buildSettings = {
				INFOPLIST_FILE = tipsUITests/Info.plist;
				LD_RUNPATH_SEARCH_PATHS = "$(inherited) @executable_path/Frameworks @loader_path/Frameworks";
				PRODUCT_BUNDLE_IDENTIFIER = com.codepath.tipsUITests;
				PRODUCT_NAME = "$(TARGET_NAME)";
				TEST_TARGET_NAME = tips;
				USES_XCTRUNNER = YES;
			};
			name = Debug;
		};
		D0E9CED81C2338B5000EC6D9 /* Release */ = {
			isa = XCBuildConfiguration;
			buildSettings = {
				INFOPLIST_FILE = tipsUITests/Info.plist;
				LD_RUNPATH_SEARCH_PATHS = "$(inherited) @executable_path/Frameworks @loader_path/Frameworks";
				PRODUCT_BUNDLE_IDENTIFIER = com.codepath.tipsUITests;
				PRODUCT_NAME = "$(TARGET_NAME)";
				TEST_TARGET_NAME = tips;
				USES_XCTRUNNER = YES;
			};
			name = Release;
		};
/* End XCBuildConfiguration section */

/* Begin XCConfigurationList section */
		D0E9CEA31C2338B4000EC6D9 /* Build configuration list for PBXProject "tips" */ = {
			isa = XCConfigurationList;
			buildConfigurations = (
				D0E9CECE1C2338B5000EC6D9 /* Debug */,
				D0E9CECF1C2338B5000EC6D9 /* Release */,
			);
			defaultConfigurationIsVisible = 0;
			defaultConfigurationName = Release;
		};
		D0E9CED01C2338B5000EC6D9 /* Build configuration list for PBXNativeTarget "tips" */ = {
			isa = XCConfigurationList;
			buildConfigurations = (
				D0E9CED11C2338B5000EC6D9 /* Debug */,
				D0E9CED21C2338B5000EC6D9 /* Release */,
			);
			defaultConfigurationIsVisible = 0;
			defaultConfigurationName = Release;
		};
		D0E9CED31C2338B5000EC6D9 /* Build configuration list for PBXNativeTarget "tipsTests" */ = {
			isa = XCConfigurationList;
			buildConfigurations = (
				D0E9CED41C2338B5000EC6D9 /* Debug */,
				D0E9CED51C2338B5000EC6D9 /* Release */,
			);
			defaultConfigurationIsVisible = 0;
			defaultConfigurationName = Release;
		};
		D0E9CED61C2338B5000EC6D9 /* Build configuration list for PBXNativeTarget "tipsUITests" */ = {
			isa = XCConfigurationList;
			buildConfigurations = (
				D0E9CED71C2338B5000EC6D9 /* Debug */,
				D0E9CED81C2338B5000EC6D9 /* Release */,
			);
			defaultConfigurationIsVisible = 0;
			defaultConfigurationName = Release;
		};
/* End XCConfigurationList section */
	};
	rootObject = D0E9CEA01C2338B4000EC6D9 /* Project object */;
}
